// !$*UTF8*$!
{
	archiveVersion = 1;
	classes = {
	};
	objectVersion = 50;
	objects = {

/* Begin PBXBuildFile section */
		BC029EB120FFB3170005DF61 /* AppDelegate.swift in Sources */ = {isa = PBXBuildFile; fileRef = BC029EB020FFB3170005DF61 /* AppDelegate.swift */; };
		BC029EB320FFB3170005DF61 /* LibraryViewController.swift in Sources */ = {isa = PBXBuildFile; fileRef = BC029EB220FFB3170005DF61 /* LibraryViewController.swift */; };
		BC029EB620FFB3170005DF61 /* Main.storyboard in Resources */ = {isa = PBXBuildFile; fileRef = BC029EB420FFB3170005DF61 /* Main.storyboard */; };
		BC029EB820FFB3180005DF61 /* Assets.xcassets in Resources */ = {isa = PBXBuildFile; fileRef = BC029EB720FFB3180005DF61 /* Assets.xcassets */; };
		BC029EBB20FFB3180005DF61 /* LaunchScreen.storyboard in Resources */ = {isa = PBXBuildFile; fileRef = BC029EB920FFB3180005DF61 /* LaunchScreen.storyboard */; };
		BC029ED120FFB7660005DF61 /* movieStructClass.swift in Sources */ = {isa = PBXBuildFile; fileRef = BC029ED020FFB7660005DF61 /* movieStructClass.swift */; };
		BC029ED320FFB91F0005DF61 /* Movie.swift in Sources */ = {isa = PBXBuildFile; fileRef = BC029ED220FFB91F0005DF61 /* Movie.swift */; };
		BC029ED920FFC09F0005DF61 /* MovieManagerTests.swift in Sources */ = {isa = PBXBuildFile; fileRef = BC029ED820FFC09F0005DF61 /* MovieManagerTests.swift */; };
		BC029EDB20FFC1340005DF61 /* MovieManager.swift in Sources */ = {isa = PBXBuildFile; fileRef = BC029EDA20FFC1340005DF61 /* MovieManager.swift */; };
		BC7251D8210624FA002122C1 /* LibraryViewControllerTests.swift in Sources */ = {isa = PBXBuildFile; fileRef = BC7251D7210624FA002122C1 /* LibraryViewControllerTests.swift */; };
		BCC0D240210906190017ACF8 /* MovieCellTests.swift in Sources */ = {isa = PBXBuildFile; fileRef = BCC0D23F210906190017ACF8 /* MovieCellTests.swift */; };
		BCD481262106295A00C90697 /* MovieLibraryDataService.swift in Sources */ = {isa = PBXBuildFile; fileRef = BCD481252106295A00C90697 /* MovieLibraryDataService.swift */; };
		BCD4812921063CEE00C90697 /* MovieLibraryDataServiceTest.swift in Sources */ = {isa = PBXBuildFile; fileRef = BCD4812821063CEE00C90697 /* MovieLibraryDataServiceTest.swift */; };
		BCD4812E210659D700C90697 /* MovieCell.swift in Sources */ = {isa = PBXBuildFile; fileRef = BCD4812D210659D700C90697 /* MovieCell.swift */; };
		BCD4813121066B0A00C90697 /* MockExtensions.swift in Sources */ = {isa = PBXBuildFile; fileRef = BCD4813021066B0A00C90697 /* MockExtensions.swift */; };
/* End PBXBuildFile section */

/* Begin PBXContainerItemProxy section */
		BC029EC220FFB3180005DF61 /* PBXContainerItemProxy */ = {
			isa = PBXContainerItemProxy;
			containerPortal = BC029EA520FFB3170005DF61 /* Project object */;
			proxyType = 1;
			remoteGlobalIDString = BC029EAC20FFB3170005DF61;
			remoteInfo = FilmFest;
		};
/* End PBXContainerItemProxy section */

/* Begin PBXFileReference section */
		BC029EAD20FFB3170005DF61 /* FilmFest.app */ = {isa = PBXFileReference; explicitFileType = wrapper.application; includeInIndex = 0; path = FilmFest.app; sourceTree = BUILT_PRODUCTS_DIR; };
		BC029EB020FFB3170005DF61 /* AppDelegate.swift */ = {isa = PBXFileReference; lastKnownFileType = sourcecode.swift; path = AppDelegate.swift; sourceTree = "<group>"; };
		BC029EB220FFB3170005DF61 /* LibraryViewController.swift */ = {isa = PBXFileReference; lastKnownFileType = sourcecode.swift; path = LibraryViewController.swift; sourceTree = "<group>"; };
		BC029EB520FFB3170005DF61 /* Base */ = {isa = PBXFileReference; lastKnownFileType = file.storyboard; name = Base; path = Base.lproj/Main.storyboard; sourceTree = "<group>"; };
		BC029EB720FFB3180005DF61 /* Assets.xcassets */ = {isa = PBXFileReference; lastKnownFileType = folder.assetcatalog; path = Assets.xcassets; sourceTree = "<group>"; };
		BC029EBA20FFB3180005DF61 /* Base */ = {isa = PBXFileReference; lastKnownFileType = file.storyboard; name = Base; path = Base.lproj/LaunchScreen.storyboard; sourceTree = "<group>"; };
		BC029EBC20FFB3180005DF61 /* Info.plist */ = {isa = PBXFileReference; lastKnownFileType = text.plist.xml; path = Info.plist; sourceTree = "<group>"; };
		BC029EC120FFB3180005DF61 /* FilmFestTests.xctest */ = {isa = PBXFileReference; explicitFileType = wrapper.cfbundle; includeInIndex = 0; path = FilmFestTests.xctest; sourceTree = BUILT_PRODUCTS_DIR; };
		BC029EC720FFB3180005DF61 /* Info.plist */ = {isa = PBXFileReference; lastKnownFileType = text.plist.xml; path = Info.plist; sourceTree = "<group>"; };
		BC029ED020FFB7660005DF61 /* movieStructClass.swift */ = {isa = PBXFileReference; lastKnownFileType = sourcecode.swift; path = movieStructClass.swift; sourceTree = "<group>"; };
		BC029ED220FFB91F0005DF61 /* Movie.swift */ = {isa = PBXFileReference; lastKnownFileType = sourcecode.swift; path = Movie.swift; sourceTree = "<group>"; };
		BC029ED820FFC09F0005DF61 /* MovieManagerTests.swift */ = {isa = PBXFileReference; lastKnownFileType = sourcecode.swift; path = MovieManagerTests.swift; sourceTree = "<group>"; };
		BC029EDA20FFC1340005DF61 /* MovieManager.swift */ = {isa = PBXFileReference; lastKnownFileType = sourcecode.swift; path = MovieManager.swift; sourceTree = "<group>"; };
		BC7251D7210624FA002122C1 /* LibraryViewControllerTests.swift */ = {isa = PBXFileReference; lastKnownFileType = sourcecode.swift; path = LibraryViewControllerTests.swift; sourceTree = "<group>"; };
		BCC0D23F210906190017ACF8 /* MovieCellTests.swift */ = {isa = PBXFileReference; lastKnownFileType = sourcecode.swift; path = MovieCellTests.swift; sourceTree = "<group>"; };
		BCD481252106295A00C90697 /* MovieLibraryDataService.swift */ = {isa = PBXFileReference; lastKnownFileType = sourcecode.swift; path = MovieLibraryDataService.swift; sourceTree = "<group>"; };
		BCD4812821063CEE00C90697 /* MovieLibraryDataServiceTest.swift */ = {isa = PBXFileReference; lastKnownFileType = sourcecode.swift; path = MovieLibraryDataServiceTest.swift; sourceTree = "<group>"; };
		BCD4812D210659D700C90697 /* MovieCell.swift */ = {isa = PBXFileReference; lastKnownFileType = sourcecode.swift; path = MovieCell.swift; sourceTree = "<group>"; };
		BCD4813021066B0A00C90697 /* MockExtensions.swift */ = {isa = PBXFileReference; lastKnownFileType = sourcecode.swift; path = MockExtensions.swift; sourceTree = "<group>"; };
/* End PBXFileReference section */

/* Begin PBXFrameworksBuildPhase section */
		BC029EAA20FFB3170005DF61 /* Frameworks */ = {
			isa = PBXFrameworksBuildPhase;
			buildActionMask = 2147483647;
			files = (
			);
			runOnlyForDeploymentPostprocessing = 0;
		};
		BC029EBE20FFB3180005DF61 /* Frameworks */ = {
			isa = PBXFrameworksBuildPhase;
			buildActionMask = 2147483647;
			files = (
			);
			runOnlyForDeploymentPostprocessing = 0;
		};
/* End PBXFrameworksBuildPhase section */

/* Begin PBXGroup section */
		BC029EA420FFB3170005DF61 = {
			isa = PBXGroup;
			children = (
				BC029EAF20FFB3170005DF61 /* FilmFest */,
				BC029EC420FFB3180005DF61 /* FilmFestTests */,
				BC029EAE20FFB3170005DF61 /* Products */,
			);
			sourceTree = "<group>";
		};
		BC029EAE20FFB3170005DF61 /* Products */ = {
			isa = PBXGroup;
			children = (
				BC029EAD20FFB3170005DF61 /* FilmFest.app */,
				BC029EC120FFB3180005DF61 /* FilmFestTests.xctest */,
			);
			name = Products;
			sourceTree = "<group>";
		};
		BC029EAF20FFB3170005DF61 /* FilmFest */ = {
			isa = PBXGroup;
			children = (
				BCD4812A2106598E00C90697 /* Views */,
				BCD481242106293C00C90697 /* Data Service */,
				BC029ED520FFC03B0005DF61 /* Controllers */,
				BC029ED420FFC0310005DF61 /* Models */,
				BC029EB020FFB3170005DF61 /* AppDelegate.swift */,
				BC029EB420FFB3170005DF61 /* Main.storyboard */,
				BC029EB720FFB3180005DF61 /* Assets.xcassets */,
				BC029EB920FFB3180005DF61 /* LaunchScreen.storyboard */,
				BC029EBC20FFB3180005DF61 /* Info.plist */,
			);
			path = FilmFest;
			sourceTree = "<group>";
		};
		BC029EC420FFB3180005DF61 /* FilmFestTests */ = {
			isa = PBXGroup;
			children = (
				BCC0D23E210905CA0017ACF8 /* Test Views */,
				BCD4812F21066AF800C90697 /* Mocks */,
				BCD4812721063C8900C90697 /* Test Data Service */,
				BC029ED720FFC05A0005DF61 /* Test Controllers */,
				BC029ED620FFC04C0005DF61 /* Test Models */,
				BC029EC720FFB3180005DF61 /* Info.plist */,
			);
			path = FilmFestTests;
			sourceTree = "<group>";
		};
		BC029ED420FFC0310005DF61 /* Models */ = {
			isa = PBXGroup;
			children = (
				BC029ED220FFB91F0005DF61 /* Movie.swift */,
				BC029EDA20FFC1340005DF61 /* MovieManager.swift */,
			);
			path = Models;
			sourceTree = "<group>";
		};
		BC029ED520FFC03B0005DF61 /* Controllers */ = {
			isa = PBXGroup;
			children = (
				BC029EB220FFB3170005DF61 /* LibraryViewController.swift */,
			);
			path = Controllers;
			sourceTree = "<group>";
		};
		BC029ED620FFC04C0005DF61 /* Test Models */ = {
			isa = PBXGroup;
			children = (
				BC029ED020FFB7660005DF61 /* movieStructClass.swift */,
				BC029ED820FFC09F0005DF61 /* MovieManagerTests.swift */,
			);
			path = "Test Models";
			sourceTree = "<group>";
		};
		BC029ED720FFC05A0005DF61 /* Test Controllers */ = {
			isa = PBXGroup;
			children = (
				BC7251D7210624FA002122C1 /* LibraryViewControllerTests.swift */,
			);
			path = "Test Controllers";
			sourceTree = "<group>";
		};
		BCC0D23E210905CA0017ACF8 /* Test Views */ = {
			isa = PBXGroup;
			children = (
				BCC0D23F210906190017ACF8 /* MovieCellTests.swift */,
			);
			path = "Test Views";
			sourceTree = "<group>";
		};
		BCD481242106293C00C90697 /* Data Service */ = {
			isa = PBXGroup;
			children = (
				BCD481252106295A00C90697 /* MovieLibraryDataService.swift */,
			);
			path = "Data Service";
			sourceTree = "<group>";
		};
		BCD4812721063C8900C90697 /* Test Data Service */ = {
			isa = PBXGroup;
			children = (
				BCD4812821063CEE00C90697 /* MovieLibraryDataServiceTest.swift */,
			);
			path = "Test Data Service";
			sourceTree = "<group>";
		};
		BCD4812A2106598E00C90697 /* Views */ = {
			isa = PBXGroup;
			children = (
				BCD4812D210659D700C90697 /* MovieCell.swift */,
			);
			path = Views;
			sourceTree = "<group>";
		};
		BCD4812F21066AF800C90697 /* Mocks */ = {
			isa = PBXGroup;
			children = (
				BCD4813021066B0A00C90697 /* MockExtensions.swift */,
			);
			path = Mocks;
			sourceTree = "<group>";
		};
/* End PBXGroup section */

/* Begin PBXNativeTarget section */
		BC029EAC20FFB3170005DF61 /* FilmFest */ = {
			isa = PBXNativeTarget;
			buildConfigurationList = BC029ECA20FFB3180005DF61 /* Build configuration list for PBXNativeTarget "FilmFest" */;
			buildPhases = (
				BC029EA920FFB3170005DF61 /* Sources */,
				BC029EAA20FFB3170005DF61 /* Frameworks */,
				BC029EAB20FFB3170005DF61 /* Resources */,
			);
			buildRules = (
			);
			dependencies = (
			);
			name = FilmFest;
			productName = FilmFest;
			productReference = BC029EAD20FFB3170005DF61 /* FilmFest.app */;
			productType = "com.apple.product-type.application";
		};
		BC029EC020FFB3180005DF61 /* FilmFestTests */ = {
			isa = PBXNativeTarget;
			buildConfigurationList = BC029ECD20FFB3180005DF61 /* Build configuration list for PBXNativeTarget "FilmFestTests" */;
			buildPhases = (
				BC029EBD20FFB3180005DF61 /* Sources */,
				BC029EBE20FFB3180005DF61 /* Frameworks */,
				BC029EBF20FFB3180005DF61 /* Resources */,
			);
			buildRules = (
			);
			dependencies = (
				BC029EC320FFB3180005DF61 /* PBXTargetDependency */,
			);
			name = FilmFestTests;
			productName = FilmFestTests;
			productReference = BC029EC120FFB3180005DF61 /* FilmFestTests.xctest */;
			productType = "com.apple.product-type.bundle.unit-test";
		};
/* End PBXNativeTarget section */

/* Begin PBXProject section */
		BC029EA520FFB3170005DF61 /* Project object */ = {
			isa = PBXProject;
			attributes = {
				LastSwiftUpdateCheck = 0940;
				LastUpgradeCheck = 0940;
				ORGANIZATIONNAME = "ali chaudhry";
				TargetAttributes = {
					BC029EAC20FFB3170005DF61 = {
						CreatedOnToolsVersion = 9.4.1;
					};
					BC029EC020FFB3180005DF61 = {
						CreatedOnToolsVersion = 9.4.1;
						LastSwiftMigration = 0940;
						TestTargetID = BC029EAC20FFB3170005DF61;
					};
				};
			};
			buildConfigurationList = BC029EA820FFB3170005DF61 /* Build configuration list for PBXProject "FilmFest" */;
			compatibilityVersion = "Xcode 9.3";
			developmentRegion = en;
			hasScannedForEncodings = 0;
			knownRegions = (
				en,
				Base,
			);
			mainGroup = BC029EA420FFB3170005DF61;
			productRefGroup = BC029EAE20FFB3170005DF61 /* Products */;
			projectDirPath = "";
			projectRoot = "";
			targets = (
				BC029EAC20FFB3170005DF61 /* FilmFest */,
				BC029EC020FFB3180005DF61 /* FilmFestTests */,
			);
		};
/* End PBXProject section */

/* Begin PBXResourcesBuildPhase section */
		BC029EAB20FFB3170005DF61 /* Resources */ = {
			isa = PBXResourcesBuildPhase;
			buildActionMask = 2147483647;
			files = (
				BC029EBB20FFB3180005DF61 /* LaunchScreen.storyboard in Resources */,
				BC029EB820FFB3180005DF61 /* Assets.xcassets in Resources */,
				BC029EB620FFB3170005DF61 /* Main.storyboard in Resources */,
			);
			runOnlyForDeploymentPostprocessing = 0;
		};
		BC029EBF20FFB3180005DF61 /* Resources */ = {
			isa = PBXResourcesBuildPhase;
			buildActionMask = 2147483647;
			files = (
			);
			runOnlyForDeploymentPostprocessing = 0;
		};
/* End PBXResourcesBuildPhase section */

/* Begin PBXSourcesBuildPhase section */
		BC029EA920FFB3170005DF61 /* Sources */ = {
			isa = PBXSourcesBuildPhase;
			buildActionMask = 2147483647;
			files = (
				BC029EDB20FFC1340005DF61 /* MovieManager.swift in Sources */,
				BC029EB320FFB3170005DF61 /* LibraryViewController.swift in Sources */,
				BCD4812E210659D700C90697 /* MovieCell.swift in Sources */,
				BC029EB120FFB3170005DF61 /* AppDelegate.swift in Sources */,
				BC029ED320FFB91F0005DF61 /* Movie.swift in Sources */,
				BCD481262106295A00C90697 /* MovieLibraryDataService.swift in Sources */,
			);
			runOnlyForDeploymentPostprocessing = 0;
		};
		BC029EBD20FFB3180005DF61 /* Sources */ = {
			isa = PBXSourcesBuildPhase;
			buildActionMask = 2147483647;
			files = (
				BCD4812921063CEE00C90697 /* MovieLibraryDataServiceTest.swift in Sources */,
				BC029ED920FFC09F0005DF61 /* MovieManagerTests.swift in Sources */,
				BC029ED120FFB7660005DF61 /* movieStructClass.swift in Sources */,
				BCD4813121066B0A00C90697 /* MockExtensions.swift in Sources */,
				BCC0D240210906190017ACF8 /* MovieCellTests.swift in Sources */,
				BC7251D8210624FA002122C1 /* LibraryViewControllerTests.swift in Sources */,
			);
			runOnlyForDeploymentPostprocessing = 0;
		};
/* End PBXSourcesBuildPhase section */

/* Begin PBXTargetDependency section */
		BC029EC320FFB3180005DF61 /* PBXTargetDependency */ = {
			isa = PBXTargetDependency;
			target = BC029EAC20FFB3170005DF61 /* FilmFest */;
			targetProxy = BC029EC220FFB3180005DF61 /* PBXContainerItemProxy */;
		};
/* End PBXTargetDependency section */

/* Begin PBXVariantGroup section */
		BC029EB420FFB3170005DF61 /* Main.storyboard */ = {
			isa = PBXVariantGroup;
			children = (
				BC029EB520FFB3170005DF61 /* Base */,
			);
			name = Main.storyboard;
			sourceTree = "<group>";
		};
		BC029EB920FFB3180005DF61 /* LaunchScreen.storyboard */ = {
			isa = PBXVariantGroup;
			children = (
				BC029EBA20FFB3180005DF61 /* Base */,
			);
			name = LaunchScreen.storyboard;
			sourceTree = "<group>";
		};
/* End PBXVariantGroup section */

/* Begin XCBuildConfiguration section */
		BC029EC820FFB3180005DF61 /* Debug */ = {
			isa = XCBuildConfiguration;
			buildSettings = {
				ALWAYS_SEARCH_USER_PATHS = NO;
				CLANG_ANALYZER_NONNULL = YES;
				CLANG_ANALYZER_NUMBER_OBJECT_CONVERSION = YES_AGGRESSIVE;
				CLANG_CXX_LANGUAGE_STANDARD = "gnu++14";
				CLANG_CXX_LIBRARY = "libc++";
				CLANG_ENABLE_MODULES = YES;
				CLANG_ENABLE_OBJC_ARC = YES;
				CLANG_ENABLE_OBJC_WEAK = YES;
				CLANG_WARN_BLOCK_CAPTURE_AUTORELEASING = YES;
				CLANG_WARN_BOOL_CONVERSION = YES;
				CLANG_WARN_COMMA = YES;
				CLANG_WARN_CONSTANT_CONVERSION = YES;
				CLANG_WARN_DEPRECATED_OBJC_IMPLEMENTATIONS = YES;
				CLANG_WARN_DIRECT_OBJC_ISA_USAGE = YES_ERROR;
				CLANG_WARN_DOCUMENTATION_COMMENTS = YES;
				CLANG_WARN_EMPTY_BODY = YES;
				CLANG_WARN_ENUM_CONVERSION = YES;
				CLANG_WARN_INFINITE_RECURSION = YES;
				CLANG_WARN_INT_CONVERSION = YES;
				CLANG_WARN_NON_LITERAL_NULL_CONVERSION = YES;
				CLANG_WARN_OBJC_IMPLICIT_RETAIN_SELF = YES;
				CLANG_WARN_OBJC_LITERAL_CONVERSION = YES;
				CLANG_WARN_OBJC_ROOT_CLASS = YES_ERROR;
				CLANG_WARN_RANGE_LOOP_ANALYSIS = YES;
				CLANG_WARN_STRICT_PROTOTYPES = YES;
				CLANG_WARN_SUSPICIOUS_MOVE = YES;
				CLANG_WARN_UNGUARDED_AVAILABILITY = YES_AGGRESSIVE;
				CLANG_WARN_UNREACHABLE_CODE = YES;
				CLANG_WARN__DUPLICATE_METHOD_MATCH = YES;
				CODE_SIGN_IDENTITY = "iPhone Developer";
				COPY_PHASE_STRIP = NO;
				DEBUG_INFORMATION_FORMAT = dwarf;
				ENABLE_STRICT_OBJC_MSGSEND = YES;
				ENABLE_TESTABILITY = YES;
				GCC_C_LANGUAGE_STANDARD = gnu11;
				GCC_DYNAMIC_NO_PIC = NO;
				GCC_NO_COMMON_BLOCKS = YES;
				GCC_OPTIMIZATION_LEVEL = 0;
				GCC_PREPROCESSOR_DEFINITIONS = (
					"DEBUG=1",
					"$(inherited)",
				);
				GCC_WARN_64_TO_32_BIT_CONVERSION = YES;
				GCC_WARN_ABOUT_RETURN_TYPE = YES_ERROR;
				GCC_WARN_UNDECLARED_SELECTOR = YES;
				GCC_WARN_UNINITIALIZED_AUTOS = YES_AGGRESSIVE;
				GCC_WARN_UNUSED_FUNCTION = YES;
				GCC_WARN_UNUSED_VARIABLE = YES;
				IPHONEOS_DEPLOYMENT_TARGET = 11.4;
				MTL_ENABLE_DEBUG_INFO = YES;
				ONLY_ACTIVE_ARCH = YES;
				SDKROOT = iphoneos;
				SWIFT_ACTIVE_COMPILATION_CONDITIONS = DEBUG;
				SWIFT_OPTIMIZATION_LEVEL = "-Onone";
			};
			name = Debug;
		};
		BC029EC920FFB3180005DF61 /* Release */ = {
			isa = XCBuildConfiguration;
			buildSettings = {
				ALWAYS_SEARCH_USER_PATHS = NO;
				CLANG_ANALYZER_NONNULL = YES;
				CLANG_ANALYZER_NUMBER_OBJECT_CONVERSION = YES_AGGRESSIVE;
				CLANG_CXX_LANGUAGE_STANDARD = "gnu++14";
				CLANG_CXX_LIBRARY = "libc++";
				CLANG_ENABLE_MODULES = YES;
				CLANG_ENABLE_OBJC_ARC = YES;
				CLANG_ENABLE_OBJC_WEAK = YES;
				CLANG_WARN_BLOCK_CAPTURE_AUTORELEASING = YES;
				CLANG_WARN_BOOL_CONVERSION = YES;
				CLANG_WARN_COMMA = YES;
				CLANG_WARN_CONSTANT_CONVERSION = YES;
				CLANG_WARN_DEPRECATED_OBJC_IMPLEMENTATIONS = YES;
				CLANG_WARN_DIRECT_OBJC_ISA_USAGE = YES_ERROR;
				CLANG_WARN_DOCUMENTATION_COMMENTS = YES;
				CLANG_WARN_EMPTY_BODY = YES;
				CLANG_WARN_ENUM_CONVERSION = YES;
				CLANG_WARN_INFINITE_RECURSION = YES;
				CLANG_WARN_INT_CONVERSION = YES;
				CLANG_WARN_NON_LITERAL_NULL_CONVERSION = YES;
				CLANG_WARN_OBJC_IMPLICIT_RETAIN_SELF = YES;
				CLANG_WARN_OBJC_LITERAL_CONVERSION = YES;
				CLANG_WARN_OBJC_ROOT_CLASS = YES_ERROR;
				CLANG_WARN_RANGE_LOOP_ANALYSIS = YES;
				CLANG_WARN_STRICT_PROTOTYPES = YES;
				CLANG_WARN_SUSPICIOUS_MOVE = YES;
				CLANG_WARN_UNGUARDED_AVAILABILITY = YES_AGGRESSIVE;
				CLANG_WARN_UNREACHABLE_CODE = YES;
				CLANG_WARN__DUPLICATE_METHOD_MATCH = YES;
				CODE_SIGN_IDENTITY = "iPhone Developer";
				COPY_PHASE_STRIP = NO;
				DEBUG_INFORMATION_FORMAT = "dwarf-with-dsym";
				ENABLE_NS_ASSERTIONS = NO;
				ENABLE_STRICT_OBJC_MSGSEND = YES;
				GCC_C_LANGUAGE_STANDARD = gnu11;
				GCC_NO_COMMON_BLOCKS = YES;
				GCC_WARN_64_TO_32_BIT_CONVERSION = YES;
				GCC_WARN_ABOUT_RETURN_TYPE = YES_ERROR;
				GCC_WARN_UNDECLARED_SELECTOR = YES;
				GCC_WARN_UNINITIALIZED_AUTOS = YES_AGGRESSIVE;
				GCC_WARN_UNUSED_FUNCTION = YES;
				GCC_WARN_UNUSED_VARIABLE = YES;
				IPHONEOS_DEPLOYMENT_TARGET = 11.4;
				MTL_ENABLE_DEBUG_INFO = NO;
				SDKROOT = iphoneos;
				SWIFT_COMPILATION_MODE = wholemodule;
				SWIFT_OPTIMIZATION_LEVEL = "-O";
				VALIDATE_PRODUCT = YES;
			};
			name = Release;
		};
		BC029ECB20FFB3180005DF61 /* Debug */ = {
			isa = XCBuildConfiguration;
			buildSettings = {
				ASSETCATALOG_COMPILER_APPICON_NAME = AppIcon;
				CODE_SIGN_STYLE = Automatic;
				INFOPLIST_FILE = FilmFest/Info.plist;
				LD_RUNPATH_SEARCH_PATHS = (
					"$(inherited)",
					"@executable_path/Frameworks",
				);
				PRODUCT_BUNDLE_IDENTIFIER = com.chadali.FilmFest;
				PRODUCT_NAME = "$(TARGET_NAME)";
				SWIFT_VERSION = 4.0;
				TARGETED_DEVICE_FAMILY = "1,2";
			};
			name = Debug;
		};
		BC029ECC20FFB3180005DF61 /* Release */ = {
			isa = XCBuildConfiguration;
			buildSettings = {
				ASSETCATALOG_COMPILER_APPICON_NAME = AppIcon;
				CODE_SIGN_STYLE = Automatic;
				INFOPLIST_FILE = FilmFest/Info.plist;
				LD_RUNPATH_SEARCH_PATHS = (
					"$(inherited)",
					"@executable_path/Frameworks",
				);
				PRODUCT_BUNDLE_IDENTIFIER = com.chadali.FilmFest;
				PRODUCT_NAME = "$(TARGET_NAME)";
				SWIFT_VERSION = 4.0;
				TARGETED_DEVICE_FAMILY = "1,2";
			};
			name = Release;
		};
		BC029ECE20FFB3180005DF61 /* Debug */ = {
			isa = XCBuildConfiguration;
			buildSettings = {
				ALWAYS_EMBED_SWIFT_STANDARD_LIBRARIES = YES;
				BUNDLE_LOADER = "$(TEST_HOST)";
				CLANG_ENABLE_MODULES = YES;
				CODE_SIGN_STYLE = Automatic;
				INFOPLIST_FILE = FilmFestTests/Info.plist;
				LD_RUNPATH_SEARCH_PATHS = (
					"$(inherited)",
					"@executable_path/Frameworks",
					"@loader_path/Frameworks",
				);
				PRODUCT_BUNDLE_IDENTIFIER = com.chadali.FilmFestTests;
				PRODUCT_NAME = "$(TARGET_NAME)";
				SWIFT_OPTIMIZATION_LEVEL = "-Onone";
				SWIFT_VERSION = 4.0;
				TARGETED_DEVICE_FAMILY = "1,2";
				TEST_HOST = "$(BUILT_PRODUCTS_DIR)/FilmFest.app/FilmFest";
			};
			name = Debug;
		};
		BC029ECF20FFB3180005DF61 /* Release */ = {
			isa = XCBuildConfiguration;
			buildSettings = {
				ALWAYS_EMBED_SWIFT_STANDARD_LIBRARIES = YES;
				BUNDLE_LOADER = "$(TEST_HOST)";
				CLANG_ENABLE_MODULES = YES;
				CODE_SIGN_STYLE = Automatic;
				INFOPLIST_FILE = FilmFestTests/Info.plist;
				LD_RUNPATH_SEARCH_PATHS = (
					"$(inherited)",
					"@executable_path/Frameworks",
					"@loader_path/Frameworks",
				);
				PRODUCT_BUNDLE_IDENTIFIER = com.chadali.FilmFestTests;
				PRODUCT_NAME = "$(TARGET_NAME)";
				SWIFT_VERSION = 4.0;
				TARGETED_DEVICE_FAMILY = "1,2";
				TEST_HOST = "$(BUILT_PRODUCTS_DIR)/FilmFest.app/FilmFest";
			};
			name = Release;
		};
/* End XCBuildConfiguration section */

/* Begin XCConfigurationList section */
		BC029EA820FFB3170005DF61 /* Build configuration list for PBXProject "FilmFest" */ = {
			isa = XCConfigurationList;
			buildConfigurations = (
				BC029EC820FFB3180005DF61 /* Debug */,
				BC029EC920FFB3180005DF61 /* Release */,
			);
			defaultConfigurationIsVisible = 0;
			defaultConfigurationName = Release;
		};
		BC029ECA20FFB3180005DF61 /* Build configuration list for PBXNativeTarget "FilmFest" */ = {
			isa = XCConfigurationList;
			buildConfigurations = (
				BC029ECB20FFB3180005DF61 /* Debug */,
				BC029ECC20FFB3180005DF61 /* Release */,
			);
			defaultConfigurationIsVisible = 0;
			defaultConfigurationName = Release;
		};
		BC029ECD20FFB3180005DF61 /* Build configuration list for PBXNativeTarget "FilmFestTests" */ = {
			isa = XCConfigurationList;
			buildConfigurations = (
				BC029ECE20FFB3180005DF61 /* Debug */,
				BC029ECF20FFB3180005DF61 /* Release */,
			);
			defaultConfigurationIsVisible = 0;
			defaultConfigurationName = Release;
		};
/* End XCConfigurationList section */
	};
	rootObject = BC029EA520FFB3170005DF61 /* Project object */;
}
